
Microsoft Visual Studio Solution File, Format Version 12.00
# Visual Studio Version 16
VisualStudioVersion = 16.0.32630.194
MinimumVisualStudioVersion = 10.0.40219.1
Project("{FAE04EC0-301F-11D3-BF4B-00C04F79EFBC}") = "MatchGame", "MatchGame\MatchGame.csproj", "{D11BF0E0-6894-4A94-BC8F-AE21FDA93A53}"
EndProject
Global
	GlobalSection(SolutionConfigurationPlatforms) = preSolution
		Debug|Any CPU = Debug|Any CPU
		Release|Any CPU = Release|Any CPU
	EndGlobalSection
	GlobalSection(ProjectConfigurationPlatforms) = postSolution
		{D11BF0E0-6894-4A94-BC8F-AE21FDA93A53}.Debug|Any CPU.ActiveCfg = Debug|Any CPU
		{D11BF0E0-6894-4A94-BC8F-AE21FDA93A53}.Debug|Any CPU.Build.0 = Debug|Any CPU
		{D11BF0E0-6894-4A94-BC8F-AE21FDA93A53}.Release|Any CPU.ActiveCfg = Release|Any CPU
		{D11BF0E0-6894-4A94-BC8F-AE21FDA93A53}.Release|Any CPU.Build.0 = Release|Any CPU
	EndGlobalSection
	GlobalSection(SolutionProperties) = preSolution
		HideSolutionNode = FALSE
	EndGlobalSection
	GlobalSection(ExtensibilityGlobals) = postSolution
		SolutionGuid = {499B087E-9CAA-4F59-9409-8E4EAE4047B5}
	EndGlobalSection
EndGlobal
